
Microsoft Visual Studio Solution File, Format Version 12.00
# Visual Studio Version 16
VisualStudioVersion = 16.0.810.17
MinimumVisualStudioVersion = 10.0.40219.1
Project("{FAE04EC0-301F-11D3-BF4B-00C04F79EFBC}") = "Improving.Android", "Improving.Android\Improving.Android.csproj", "{EF16FC73-F4AE-4299-9193-A38937383E74}"
EndProject
Project("{FAE04EC0-301F-11D3-BF4B-00C04F79EFBC}") = "Improving", "Improving\Improving.csproj", "{184F0552-541E-425F-9968-B0540B4A96A9}"
EndProject
Global
	GlobalSection(SolutionConfigurationPlatforms) = preSolution
		Debug|Any CPU = Debug|Any CPU
		Release|Any CPU = Release|Any CPU
	EndGlobalSection
	GlobalSection(ProjectConfigurationPlatforms) = postSolution
		{EF16FC73-F4AE-4299-9193-A38937383E74}.Debug|Any CPU.ActiveCfg = Debug|Any CPU
		{EF16FC73-F4AE-4299-9193-A38937383E74}.Debug|Any CPU.Build.0 = Debug|Any CPU
		{EF16FC73-F4AE-4299-9193-A38937383E74}.Release|Any CPU.ActiveCfg = Release|Any CPU
		{EF16FC73-F4AE-4299-9193-A38937383E74}.Release|Any CPU.Build.0 = Release|Any CPU
		{184F0552-541E-425F-9968-B0540B4A96A9}.Debug|Any CPU.ActiveCfg = Debug|Any CPU
		{184F0552-541E-425F-9968-B0540B4A96A9}.Debug|Any CPU.Build.0 = Debug|Any CPU
		{184F0552-541E-425F-9968-B0540B4A96A9}.Release|Any CPU.ActiveCfg = Release|Any CPU
		{184F0552-541E-425F-9968-B0540B4A96A9}.Release|Any CPU.Build.0 = Release|Any CPU
	EndGlobalSection
	GlobalSection(SolutionProperties) = preSolution
		HideSolutionNode = FALSE
	EndGlobalSection
	GlobalSection(ExtensibilityGlobals) = postSolution
		SolutionGuid = {3935FCE0-55C4-4C81-AAED-1B94A850AC26}
	EndGlobalSection
EndGlobal
